
Microsoft Visual Studio Solution File, Format Version 12.00
# Visual Studio Version 16
VisualStudioVersion = 16.0.30309.148
MinimumVisualStudioVersion = 10.0.40219.1
Project("{FAE04EC0-301F-11D3-BF4B-00C04F79EFBC}") = "exercicio1", "exercicio1\exercicio1.csproj", "{3FA5ED07-AEA9-4C4D-936E-D44D90010821}"
EndProject
Global
	GlobalSection(SolutionConfigurationPlatforms) = preSolution
		Debug|Any CPU = Debug|Any CPU
		Release|Any CPU = Release|Any CPU
	EndGlobalSection
	GlobalSection(ProjectConfigurationPlatforms) = postSolution
		{3FA5ED07-AEA9-4C4D-936E-D44D90010821}.Debug|Any CPU.ActiveCfg = Debug|Any CPU
		{3FA5ED07-AEA9-4C4D-936E-D44D90010821}.Debug|Any CPU.Build.0 = Debug|Any CPU
		{3FA5ED07-AEA9-4C4D-936E-D44D90010821}.Release|Any CPU.ActiveCfg = Release|Any CPU
		{3FA5ED07-AEA9-4C4D-936E-D44D90010821}.Release|Any CPU.Build.0 = Release|Any CPU
	EndGlobalSection
	GlobalSection(SolutionProperties) = preSolution
		HideSolutionNode = FALSE
	EndGlobalSection
	GlobalSection(ExtensibilityGlobals) = postSolution
		SolutionGuid = {CFA8DA28-FD63-45D1-8291-34FA5A56AD7E}
	EndGlobalSection
EndGlobal
